
Microsoft Visual Studio Solution File, Format Version 12.00
# Visual Studio 15
VisualStudioVersion = 15.0.27428.2005
MinimumVisualStudioVersion = 10.0.40219.1
Project("{9A19103F-16F7-4668-BE54-9A1E7A4F7556}") = "AsyncAsDesigned.PerfLib", "AsyncAsDesigned.PerfLib\AsyncAsDesigned.PerfLib.csproj", "{BD10AC2A-F9A4-43F6-8A61-BF28B482A64E}"
EndProject
Project("{9A19103F-16F7-4668-BE54-9A1E7A4F7556}") = "AsyncAsDesigned.PerfLib.Test", "AsyncAsDesigned.PerfLib.Test\AsyncAsDesigned.PerfLib.Test.csproj", "{9AA91BD1-EDA4-4C16-BBF6-7F20CEB83F27}"
EndProject
Project("{9A19103F-16F7-4668-BE54-9A1E7A4F7556}") = "AsyncAsDesigned.PerfClient", "AsyncAsDesigned.PerfClient\AsyncAsDesigned.PerfClient.csproj", "{7A669DEA-9D17-4074-8925-FAC62C4D2C47}"
EndProject
Project("{9A19103F-16F7-4668-BE54-9A1E7A4F7556}") = "AsyncAsDesigned.PerfAppServer", "AsyncAsDesigned.PerfAppServer\AsyncAsDesigned.PerfAppServer.csproj", "{923EBE7F-3187-442E-B15C-A331F979AEF9}"
EndProject
Project("{9A19103F-16F7-4668-BE54-9A1E7A4F7556}") = "AsyncAsDesigned.PerfDataServer", "AsyncAsDesigned.PerfDataServer\AsyncAsDesigned.PerfDataServer.csproj", "{77A7CED3-3987-496F-A301-5FFB23FF148C}"
EndProject
Project("{2150E333-8FDC-42A3-9474-1A3956D46DE8}") = "Solution Items", "Solution Items", "{6EADFE19-5B22-4F01-BDCA-8A7B56A9BECC}"
	ProjectSection(SolutionItems) = preProject
		RunSync.ps1 = RunSync.ps1
	EndProjectSection
EndProject
Global
	GlobalSection(SolutionConfigurationPlatforms) = preSolution
		Debug|Any CPU = Debug|Any CPU
		Release|Any CPU = Release|Any CPU
	EndGlobalSection
	GlobalSection(ProjectConfigurationPlatforms) = postSolution
		{BD10AC2A-F9A4-43F6-8A61-BF28B482A64E}.Debug|Any CPU.ActiveCfg = Debug|Any CPU
		{BD10AC2A-F9A4-43F6-8A61-BF28B482A64E}.Debug|Any CPU.Build.0 = Debug|Any CPU
		{BD10AC2A-F9A4-43F6-8A61-BF28B482A64E}.Release|Any CPU.ActiveCfg = Release|Any CPU
		{BD10AC2A-F9A4-43F6-8A61-BF28B482A64E}.Release|Any CPU.Build.0 = Release|Any CPU
		{9AA91BD1-EDA4-4C16-BBF6-7F20CEB83F27}.Debug|Any CPU.ActiveCfg = Debug|Any CPU
		{9AA91BD1-EDA4-4C16-BBF6-7F20CEB83F27}.Debug|Any CPU.Build.0 = Debug|Any CPU
		{9AA91BD1-EDA4-4C16-BBF6-7F20CEB83F27}.Release|Any CPU.ActiveCfg = Release|Any CPU
		{9AA91BD1-EDA4-4C16-BBF6-7F20CEB83F27}.Release|Any CPU.Build.0 = Release|Any CPU
		{7A669DEA-9D17-4074-8925-FAC62C4D2C47}.Debug|Any CPU.ActiveCfg = Debug|Any CPU
		{7A669DEA-9D17-4074-8925-FAC62C4D2C47}.Debug|Any CPU.Build.0 = Debug|Any CPU
		{7A669DEA-9D17-4074-8925-FAC62C4D2C47}.Release|Any CPU.ActiveCfg = Release|Any CPU
		{7A669DEA-9D17-4074-8925-FAC62C4D2C47}.Release|Any CPU.Build.0 = Release|Any CPU
		{923EBE7F-3187-442E-B15C-A331F979AEF9}.Debug|Any CPU.ActiveCfg = Debug|Any CPU
		{923EBE7F-3187-442E-B15C-A331F979AEF9}.Debug|Any CPU.Build.0 = Debug|Any CPU
		{923EBE7F-3187-442E-B15C-A331F979AEF9}.Release|Any CPU.ActiveCfg = Release|Any CPU
		{923EBE7F-3187-442E-B15C-A331F979AEF9}.Release|Any CPU.Build.0 = Release|Any CPU
		{77A7CED3-3987-496F-A301-5FFB23FF148C}.Debug|Any CPU.ActiveCfg = Debug|Any CPU
		{77A7CED3-3987-496F-A301-5FFB23FF148C}.Debug|Any CPU.Build.0 = Debug|Any CPU
		{77A7CED3-3987-496F-A301-5FFB23FF148C}.Release|Any CPU.ActiveCfg = Release|Any CPU
		{77A7CED3-3987-496F-A301-5FFB23FF148C}.Release|Any CPU.Build.0 = Release|Any CPU
	EndGlobalSection
	GlobalSection(SolutionProperties) = preSolution
		HideSolutionNode = FALSE
	EndGlobalSection
	GlobalSection(ExtensibilityGlobals) = postSolution
		SolutionGuid = {17514B25-B992-4A6B-861C-262A58CCEC6C}
	EndGlobalSection
EndGlobal
